// !$*UTF8*$!
{
	archiveVersion = 1;
	classes = {
	};
	objectVersion = 46;
	objects = {

/* Begin PBXBuildFile section */
		8480B59919889B900074F0A1 /* Foundation.framework in Frameworks */ = {isa = PBXBuildFile; fileRef = 8480B59819889B900074F0A1 /* Foundation.framework */; };
		8480B59B19889B900074F0A1 /* CoreGraphics.framework in Frameworks */ = {isa = PBXBuildFile; fileRef = 8480B59A19889B900074F0A1 /* CoreGraphics.framework */; };
		8480B59D19889B900074F0A1 /* UIKit.framework in Frameworks */ = {isa = PBXBuildFile; fileRef = 8480B59C19889B900074F0A1 /* UIKit.framework */; };
		8480B5A319889B900074F0A1 /* InfoPlist.strings in Resources */ = {isa = PBXBuildFile; fileRef = 8480B5A119889B900074F0A1 /* InfoPlist.strings */; };
		8480B5A519889B900074F0A1 /* main.m in Sources */ = {isa = PBXBuildFile; fileRef = 8480B5A419889B900074F0A1 /* main.m */; };
		8480B5A919889B900074F0A1 /* ODMAppDelegate.m in Sources */ = {isa = PBXBuildFile; fileRef = 8480B5A819889B900074F0A1 /* ODMAppDelegate.m */; };
		8480B5AC19889B900074F0A1 /* Main.storyboard in Resources */ = {isa = PBXBuildFile; fileRef = 8480B5AA19889B900074F0A1 /* Main.storyboard */; };
		8480B5AF19889B900074F0A1 /* ODMViewController.m in Sources */ = {isa = PBXBuildFile; fileRef = 8480B5AE19889B900074F0A1 /* ODMViewController.m */; };
		8480B5B119889B900074F0A1 /* Images.xcassets in Resources */ = {isa = PBXBuildFile; fileRef = 8480B5B019889B900074F0A1 /* Images.xcassets */; };
		8480B5B819889B900074F0A1 /* XCTest.framework in Frameworks */ = {isa = PBXBuildFile; fileRef = 8480B5B719889B900074F0A1 /* XCTest.framework */; };
		8480B5B919889B900074F0A1 /* Foundation.framework in Frameworks */ = {isa = PBXBuildFile; fileRef = 8480B59819889B900074F0A1 /* Foundation.framework */; };
		8480B5BA19889B900074F0A1 /* UIKit.framework in Frameworks */ = {isa = PBXBuildFile; fileRef = 8480B59C19889B900074F0A1 /* UIKit.framework */; };
		8480B5C219889B900074F0A1 /* InfoPlist.strings in Resources */ = {isa = PBXBuildFile; fileRef = 8480B5C019889B900074F0A1 /* InfoPlist.strings */; };
		8480B5C419889B900074F0A1 /* CombinationPickerContollerTests.m in Sources */ = {isa = PBXBuildFile; fileRef = 8480B5C319889B900074F0A1 /* CombinationPickerContollerTests.m */; };
/* End PBXBuildFile section */

/* Begin PBXContainerItemProxy section */
		8480B5BB19889B900074F0A1 /* PBXContainerItemProxy */ = {
			isa = PBXContainerItemProxy;
			containerPortal = 8480B58D19889B900074F0A1 /* Project object */;
			proxyType = 1;
			remoteGlobalIDString = 8480B59419889B900074F0A1;
			remoteInfo = CombinationPickerContoller;
		};
/* End PBXContainerItemProxy section */

/* Begin PBXFileReference section */
		8480B59519889B900074F0A1 /* CombinationPickerContoller.app */ = {isa = PBXFileReference; explicitFileType = wrapper.application; includeInIndex = 0; path = CombinationPickerContoller.app; sourceTree = BUILT_PRODUCTS_DIR; };
		8480B59819889B900074F0A1 /* Foundation.framework */ = {isa = PBXFileReference; lastKnownFileType = wrapper.framework; name = Foundation.framework; path = System/Library/Frameworks/Foundation.framework; sourceTree = SDKROOT; };
		8480B59A19889B900074F0A1 /* CoreGraphics.framework */ = {isa = PBXFileReference; lastKnownFileType = wrapper.framework; name = CoreGraphics.framework; path = System/Library/Frameworks/CoreGraphics.framework; sourceTree = SDKROOT; };
		8480B59C19889B900074F0A1 /* UIKit.framework */ = {isa = PBXFileReference; lastKnownFileType = wrapper.framework; name = UIKit.framework; path = System/Library/Frameworks/UIKit.framework; sourceTree = SDKROOT; };
		8480B5A019889B900074F0A1 /* CombinationPickerContoller-Info.plist */ = {isa = PBXFileReference; lastKnownFileType = text.plist.xml; path = "CombinationPickerContoller-Info.plist"; sourceTree = "<group>"; };
		8480B5A219889B900074F0A1 /* en */ = {isa = PBXFileReference; lastKnownFileType = text.plist.strings; name = en; path = en.lproj/InfoPlist.strings; sourceTree = "<group>"; };
		8480B5A419889B900074F0A1 /* main.m */ = {isa = PBXFileReference; lastKnownFileType = sourcecode.c.objc; path = main.m; sourceTree = "<group>"; };
		8480B5A619889B900074F0A1 /* CombinationPickerContoller-Prefix.pch */ = {isa = PBXFileReference; lastKnownFileType = sourcecode.c.h; path = "CombinationPickerContoller-Prefix.pch"; sourceTree = "<group>"; };
		8480B5A719889B900074F0A1 /* ODMAppDelegate.h */ = {isa = PBXFileReference; lastKnownFileType = sourcecode.c.h; path = ODMAppDelegate.h; sourceTree = "<group>"; };
		8480B5A819889B900074F0A1 /* ODMAppDelegate.m */ = {isa = PBXFileReference; lastKnownFileType = sourcecode.c.objc; path = ODMAppDelegate.m; sourceTree = "<group>"; };
		8480B5AB19889B900074F0A1 /* Base */ = {isa = PBXFileReference; lastKnownFileType = file.storyboard; name = Base; path = Base.lproj/Main.storyboard; sourceTree = "<group>"; };
		8480B5AD19889B900074F0A1 /* ODMViewController.h */ = {isa = PBXFileReference; lastKnownFileType = sourcecode.c.h; path = ODMViewController.h; sourceTree = "<group>"; };
		8480B5AE19889B900074F0A1 /* ODMViewController.m */ = {isa = PBXFileReference; lastKnownFileType = sourcecode.c.objc; path = ODMViewController.m; sourceTree = "<group>"; };
		8480B5B019889B900074F0A1 /* Images.xcassets */ = {isa = PBXFileReference; lastKnownFileType = folder.assetcatalog; path = Images.xcassets; sourceTree = "<group>"; };
		8480B5B619889B900074F0A1 /* CombinationPickerContollerTests.xctest */ = {isa = PBXFileReference; explicitFileType = wrapper.cfbundle; includeInIndex = 0; path = CombinationPickerContollerTests.xctest; sourceTree = BUILT_PRODUCTS_DIR; };
		8480B5B719889B900074F0A1 /* XCTest.framework */ = {isa = PBXFileReference; lastKnownFileType = wrapper.framework; name = XCTest.framework; path = Library/Frameworks/XCTest.framework; sourceTree = DEVELOPER_DIR; };
		8480B5BF19889B900074F0A1 /* CombinationPickerContollerTests-Info.plist */ = {isa = PBXFileReference; lastKnownFileType = text.plist.xml; path = "CombinationPickerContollerTests-Info.plist"; sourceTree = "<group>"; };
		8480B5C119889B900074F0A1 /* en */ = {isa = PBXFileReference; lastKnownFileType = text.plist.strings; name = en; path = en.lproj/InfoPlist.strings; sourceTree = "<group>"; };
		8480B5C319889B900074F0A1 /* CombinationPickerContollerTests.m */ = {isa = PBXFileReference; lastKnownFileType = sourcecode.c.objc; path = CombinationPickerContollerTests.m; sourceTree = "<group>"; };
/* End PBXFileReference section */

/* Begin PBXFrameworksBuildPhase section */
		8480B59219889B900074F0A1 /* Frameworks */ = {
			isa = PBXFrameworksBuildPhase;
			buildActionMask = 2147483647;
			files = (
				8480B59B19889B900074F0A1 /* CoreGraphics.framework in Frameworks */,
				8480B59D19889B900074F0A1 /* UIKit.framework in Frameworks */,
				8480B59919889B900074F0A1 /* Foundation.framework in Frameworks */,
			);
			runOnlyForDeploymentPostprocessing = 0;
		};
		8480B5B319889B900074F0A1 /* Frameworks */ = {
			isa = PBXFrameworksBuildPhase;
			buildActionMask = 2147483647;
			files = (
				8480B5B819889B900074F0A1 /* XCTest.framework in Frameworks */,
				8480B5BA19889B900074F0A1 /* UIKit.framework in Frameworks */,
				8480B5B919889B900074F0A1 /* Foundation.framework in Frameworks */,
			);
			runOnlyForDeploymentPostprocessing = 0;
		};
/* End PBXFrameworksBuildPhase section */

/* Begin PBXGroup section */
		8480B58C19889B900074F0A1 = {
			isa = PBXGroup;
			children = (
				8480B59E19889B900074F0A1 /* CombinationPickerContoller */,
				8480B5BD19889B900074F0A1 /* CombinationPickerContollerTests */,
				8480B59719889B900074F0A1 /* Frameworks */,
				8480B59619889B900074F0A1 /* Products */,
			);
			sourceTree = "<group>";
		};
		8480B59619889B900074F0A1 /* Products */ = {
			isa = PBXGroup;
			children = (
				8480B59519889B900074F0A1 /* CombinationPickerContoller.app */,
				8480B5B619889B900074F0A1 /* CombinationPickerContollerTests.xctest */,
			);
			name = Products;
			sourceTree = "<group>";
		};
		8480B59719889B900074F0A1 /* Frameworks */ = {
			isa = PBXGroup;
			children = (
				8480B59819889B900074F0A1 /* Foundation.framework */,
				8480B59A19889B900074F0A1 /* CoreGraphics.framework */,
				8480B59C19889B900074F0A1 /* UIKit.framework */,
				8480B5B719889B900074F0A1 /* XCTest.framework */,
			);
			name = Frameworks;
			sourceTree = "<group>";
		};
		8480B59E19889B900074F0A1 /* CombinationPickerContoller */ = {
			isa = PBXGroup;
			children = (
				8480B5A719889B900074F0A1 /* ODMAppDelegate.h */,
				8480B5A819889B900074F0A1 /* ODMAppDelegate.m */,
				8480B5AA19889B900074F0A1 /* Main.storyboard */,
				8480B5AD19889B900074F0A1 /* ODMViewController.h */,
				8480B5AE19889B900074F0A1 /* ODMViewController.m */,
				8480B5B019889B900074F0A1 /* Images.xcassets */,
				8480B59F19889B900074F0A1 /* Supporting Files */,
			);
			path = CombinationPickerContoller;
			sourceTree = "<group>";
		};
		8480B59F19889B900074F0A1 /* Supporting Files */ = {
			isa = PBXGroup;
			children = (
				8480B5A019889B900074F0A1 /* CombinationPickerContoller-Info.plist */,
				8480B5A119889B900074F0A1 /* InfoPlist.strings */,
				8480B5A419889B900074F0A1 /* main.m */,
				8480B5A619889B900074F0A1 /* CombinationPickerContoller-Prefix.pch */,
			);
			name = "Supporting Files";
			sourceTree = "<group>";
		};
		8480B5BD19889B900074F0A1 /* CombinationPickerContollerTests */ = {
			isa = PBXGroup;
			children = (
				8480B5C319889B900074F0A1 /* CombinationPickerContollerTests.m */,
				8480B5BE19889B900074F0A1 /* Supporting Files */,
			);
			path = CombinationPickerContollerTests;
			sourceTree = "<group>";
		};
		8480B5BE19889B900074F0A1 /* Supporting Files */ = {
			isa = PBXGroup;
			children = (
				8480B5BF19889B900074F0A1 /* CombinationPickerContollerTests-Info.plist */,
				8480B5C019889B900074F0A1 /* InfoPlist.strings */,
			);
			name = "Supporting Files";
			sourceTree = "<group>";
		};
/* End PBXGroup section */

/* Begin PBXNativeTarget section */
		8480B59419889B900074F0A1 /* CombinationPickerContoller */ = {
			isa = PBXNativeTarget;
			buildConfigurationList = 8480B5C719889B900074F0A1 /* Build configuration list for PBXNativeTarget "CombinationPickerContoller" */;
			buildPhases = (
				8480B59119889B900074F0A1 /* Sources */,
				8480B59219889B900074F0A1 /* Frameworks */,
				8480B59319889B900074F0A1 /* Resources */,
			);
			buildRules = (
			);
			dependencies = (
			);
			name = CombinationPickerContoller;
			productName = CombinationPickerContoller;
			productReference = 8480B59519889B900074F0A1 /* CombinationPickerContoller.app */;
			productType = "com.apple.product-type.application";
		};
		8480B5B519889B900074F0A1 /* CombinationPickerContollerTests */ = {
			isa = PBXNativeTarget;
			buildConfigurationList = 8480B5CA19889B900074F0A1 /* Build configuration list for PBXNativeTarget "CombinationPickerContollerTests" */;
			buildPhases = (
				8480B5B219889B900074F0A1 /* Sources */,
				8480B5B319889B900074F0A1 /* Frameworks */,
				8480B5B419889B900074F0A1 /* Resources */,
			);
			buildRules = (
			);
			dependencies = (
				8480B5BC19889B900074F0A1 /* PBXTargetDependency */,
			);
			name = CombinationPickerContollerTests;
			productName = CombinationPickerContollerTests;
			productReference = 8480B5B619889B900074F0A1 /* CombinationPickerContollerTests.xctest */;
			productType = "com.apple.product-type.bundle.unit-test";
		};
/* End PBXNativeTarget section */

/* Begin PBXProject section */
		8480B58D19889B900074F0A1 /* Project object */ = {
			isa = PBXProject;
			attributes = {
				CLASSPREFIX = ODM;
				LastUpgradeCheck = 0510;
				ORGANIZATIONNAME = Opendream;
				TargetAttributes = {
					8480B5B519889B900074F0A1 = {
						TestTargetID = 8480B59419889B900074F0A1;
					};
				};
			};
			buildConfigurationList = 8480B59019889B900074F0A1 /* Build configuration list for PBXProject "CombinationPickerContoller" */;
			compatibilityVersion = "Xcode 3.2";
			developmentRegion = English;
			hasScannedForEncodings = 0;
			knownRegions = (
				en,
				Base,
			);
			mainGroup = 8480B58C19889B900074F0A1;
			productRefGroup = 8480B59619889B900074F0A1 /* Products */;
			projectDirPath = "";
			projectRoot = "";
			targets = (
				8480B59419889B900074F0A1 /* CombinationPickerContoller */,
				8480B5B519889B900074F0A1 /* CombinationPickerContollerTests */,
			);
		};
/* End PBXProject section */

/* Begin PBXResourcesBuildPhase section */
		8480B59319889B900074F0A1 /* Resources */ = {
			isa = PBXResourcesBuildPhase;
			buildActionMask = 2147483647;
			files = (
				8480B5B119889B900074F0A1 /* Images.xcassets in Resources */,
				8480B5A319889B900074F0A1 /* InfoPlist.strings in Resources */,
				8480B5AC19889B900074F0A1 /* Main.storyboard in Resources */,
			);
			runOnlyForDeploymentPostprocessing = 0;
		};
		8480B5B419889B900074F0A1 /* Resources */ = {
			isa = PBXResourcesBuildPhase;
			buildActionMask = 2147483647;
			files = (
				8480B5C219889B900074F0A1 /* InfoPlist.strings in Resources */,
			);
			runOnlyForDeploymentPostprocessing = 0;
		};
/* End PBXResourcesBuildPhase section */

/* Begin PBXSourcesBuildPhase section */
		8480B59119889B900074F0A1 /* Sources */ = {
			isa = PBXSourcesBuildPhase;
			buildActionMask = 2147483647;
			files = (
				8480B5A519889B900074F0A1 /* main.m in Sources */,
				8480B5AF19889B900074F0A1 /* ODMViewController.m in Sources */,
				8480B5A919889B900074F0A1 /* ODMAppDelegate.m in Sources */,
			);
			runOnlyForDeploymentPostprocessing = 0;
		};
		8480B5B219889B900074F0A1 /* Sources */ = {
			isa = PBXSourcesBuildPhase;
			buildActionMask = 2147483647;
			files = (
				8480B5C419889B900074F0A1 /* CombinationPickerContollerTests.m in Sources */,
			);
			runOnlyForDeploymentPostprocessing = 0;
		};
/* End PBXSourcesBuildPhase section */

/* Begin PBXTargetDependency section */
		8480B5BC19889B900074F0A1 /* PBXTargetDependency */ = {
			isa = PBXTargetDependency;
			target = 8480B59419889B900074F0A1 /* CombinationPickerContoller */;
			targetProxy = 8480B5BB19889B900074F0A1 /* PBXContainerItemProxy */;
		};
/* End PBXTargetDependency section */

/* Begin PBXVariantGroup section */
		8480B5A119889B900074F0A1 /* InfoPlist.strings */ = {
			isa = PBXVariantGroup;
			children = (
				8480B5A219889B900074F0A1 /* en */,
			);
			name = InfoPlist.strings;
			sourceTree = "<group>";
		};
		8480B5AA19889B900074F0A1 /* Main.storyboard */ = {
			isa = PBXVariantGroup;
			children = (
				8480B5AB19889B900074F0A1 /* Base */,
			);
			name = Main.storyboard;
			sourceTree = "<group>";
		};
		8480B5C019889B900074F0A1 /* InfoPlist.strings */ = {
			isa = PBXVariantGroup;
			children = (
				8480B5C119889B900074F0A1 /* en */,
			);
			name = InfoPlist.strings;
			sourceTree = "<group>";
		};
/* End PBXVariantGroup section */

/* Begin XCBuildConfiguration section */
		8480B5C519889B900074F0A1 /* Debug */ = {
			isa = XCBuildConfiguration;
			buildSettings = {
				ALWAYS_SEARCH_USER_PATHS = NO;
				CLANG_CXX_LANGUAGE_STANDARD = "gnu++0x";
				CLANG_CXX_LIBRARY = "libc++";
				CLANG_ENABLE_MODULES = YES;
				CLANG_ENABLE_OBJC_ARC = YES;
				CLANG_WARN_BOOL_CONVERSION = YES;
				CLANG_WARN_CONSTANT_CONVERSION = YES;
				CLANG_WARN_DIRECT_OBJC_ISA_USAGE = YES_ERROR;
				CLANG_WARN_EMPTY_BODY = YES;
				CLANG_WARN_ENUM_CONVERSION = YES;
				CLANG_WARN_INT_CONVERSION = YES;
				CLANG_WARN_OBJC_ROOT_CLASS = YES_ERROR;
				CLANG_WARN__DUPLICATE_METHOD_MATCH = YES;
				"CODE_SIGN_IDENTITY[sdk=iphoneos*]" = "iPhone Developer";
				COPY_PHASE_STRIP = NO;
				GCC_C_LANGUAGE_STANDARD = gnu99;
				GCC_DYNAMIC_NO_PIC = NO;
				GCC_OPTIMIZATION_LEVEL = 0;
				GCC_PREPROCESSOR_DEFINITIONS = (
					"DEBUG=1",
					"$(inherited)",
				);
				GCC_SYMBOLS_PRIVATE_EXTERN = NO;
				GCC_WARN_64_TO_32_BIT_CONVERSION = YES;
				GCC_WARN_ABOUT_RETURN_TYPE = YES_ERROR;
				GCC_WARN_UNDECLARED_SELECTOR = YES;
				GCC_WARN_UNINITIALIZED_AUTOS = YES_AGGRESSIVE;
				GCC_WARN_UNUSED_FUNCTION = YES;
				GCC_WARN_UNUSED_VARIABLE = YES;
				IPHONEOS_DEPLOYMENT_TARGET = 7.1;
				ONLY_ACTIVE_ARCH = YES;
				SDKROOT = iphoneos;
			};
			name = Debug;
		};
		8480B5C619889B900074F0A1 /* Release */ = {
			isa = XCBuildConfiguration;
			buildSettings = {
				ALWAYS_SEARCH_USER_PATHS = NO;
				CLANG_CXX_LANGUAGE_STANDARD = "gnu++0x";
				CLANG_CXX_LIBRARY = "libc++";
				CLANG_ENABLE_MODULES = YES;
				CLANG_ENABLE_OBJC_ARC = YES;
				CLANG_WARN_BOOL_CONVERSION = YES;
				CLANG_WARN_CONSTANT_CONVERSION = YES;
				CLANG_WARN_DIRECT_OBJC_ISA_USAGE = YES_ERROR;
				CLANG_WARN_EMPTY_BODY = YES;
				CLANG_WARN_ENUM_CONVERSION = YES;
				CLANG_WARN_INT_CONVERSION = YES;
				CLANG_WARN_OBJC_ROOT_CLASS = YES_ERROR;
				CLANG_WARN__DUPLICATE_METHOD_MATCH = YES;
				"CODE_SIGN_IDENTITY[sdk=iphoneos*]" = "iPhone Developer";
				COPY_PHASE_STRIP = YES;
				ENABLE_NS_ASSERTIONS = NO;
				GCC_C_LANGUAGE_STANDARD = gnu99;
				GCC_WARN_64_TO_32_BIT_CONVERSION = YES;
				GCC_WARN_ABOUT_RETURN_TYPE = YES_ERROR;
				GCC_WARN_UNDECLARED_SELECTOR = YES;
				GCC_WARN_UNINITIALIZED_AUTOS = YES_AGGRESSIVE;
				GCC_WARN_UNUSED_FUNCTION = YES;
				GCC_WARN_UNUSED_VARIABLE = YES;
				IPHONEOS_DEPLOYMENT_TARGET = 7.1;
				SDKROOT = iphoneos;
				VALIDATE_PRODUCT = YES;
			};
			name = Release;
		};
		8480B5C819889B900074F0A1 /* Debug */ = {
			isa = XCBuildConfiguration;
			buildSettings = {
				ASSETCATALOG_COMPILER_APPICON_NAME = AppIcon;
				ASSETCATALOG_COMPILER_LAUNCHIMAGE_NAME = LaunchImage;
				GCC_PRECOMPILE_PREFIX_HEADER = YES;
				GCC_PREFIX_HEADER = "CombinationPickerContoller/CombinationPickerContoller-Prefix.pch";
				INFOPLIST_FILE = "CombinationPickerContoller/CombinationPickerContoller-Info.plist";
				PRODUCT_NAME = "$(TARGET_NAME)";
				WRAPPER_EXTENSION = app;
			};
			name = Debug;
		};
		8480B5C919889B900074F0A1 /* Release */ = {
			isa = XCBuildConfiguration;
			buildSettings = {
				ASSETCATALOG_COMPILER_APPICON_NAME = AppIcon;
				ASSETCATALOG_COMPILER_LAUNCHIMAGE_NAME = LaunchImage;
				GCC_PRECOMPILE_PREFIX_HEADER = YES;
				GCC_PREFIX_HEADER = "CombinationPickerContoller/CombinationPickerContoller-Prefix.pch";
				INFOPLIST_FILE = "CombinationPickerContoller/CombinationPickerContoller-Info.plist";
				PRODUCT_NAME = "$(TARGET_NAME)";
				WRAPPER_EXTENSION = app;
			};
			name = Release;
		};
		8480B5CB19889B900074F0A1 /* Debug */ = {
			isa = XCBuildConfiguration;
			buildSettings = {
				BUNDLE_LOADER = "$(BUILT_PRODUCTS_DIR)/CombinationPickerContoller.app/CombinationPickerContoller";
				FRAMEWORK_SEARCH_PATHS = (
					"$(SDKROOT)/Developer/Library/Frameworks",
					"$(inherited)",
					"$(DEVELOPER_FRAMEWORKS_DIR)",
				);
				GCC_PRECOMPILE_PREFIX_HEADER = YES;
				GCC_PREFIX_HEADER = "CombinationPickerContoller/CombinationPickerContoller-Prefix.pch";
				GCC_PREPROCESSOR_DEFINITIONS = (
					"DEBUG=1",
					"$(inherited)",
				);
				INFOPLIST_FILE = "CombinationPickerContollerTests/CombinationPickerContollerTests-Info.plist";
				PRODUCT_NAME = "$(TARGET_NAME)";
				TEST_HOST = "$(BUNDLE_LOADER)";
				WRAPPER_EXTENSION = xctest;
			};
			name = Debug;
		};
		8480B5CC19889B900074F0A1 /* Release */ = {
			isa = XCBuildConfiguration;
			buildSettings = {
				BUNDLE_LOADER = "$(BUILT_PRODUCTS_DIR)/CombinationPickerContoller.app/CombinationPickerContoller";
				FRAMEWORK_SEARCH_PATHS = (
					"$(SDKROOT)/Developer/Library/Frameworks",
					"$(inherited)",
					"$(DEVELOPER_FRAMEWORKS_DIR)",
				);
				GCC_PRECOMPILE_PREFIX_HEADER = YES;
				GCC_PREFIX_HEADER = "CombinationPickerContoller/CombinationPickerContoller-Prefix.pch";
				INFOPLIST_FILE = "CombinationPickerContollerTests/CombinationPickerContollerTests-Info.plist";
				PRODUCT_NAME = "$(TARGET_NAME)";
				TEST_HOST = "$(BUNDLE_LOADER)";
				WRAPPER_EXTENSION = xctest;
			};
			name = Release;
		};
/* End XCBuildConfiguration section */

/* Begin XCConfigurationList section */
		8480B59019889B900074F0A1 /* Build configuration list for PBXProject "CombinationPickerContoller" */ = {
			isa = XCConfigurationList;
			buildConfigurations = (
				8480B5C519889B900074F0A1 /* Debug */,
				8480B5C619889B900074F0A1 /* Release */,
			);
			defaultConfigurationIsVisible = 0;
			defaultConfigurationName = Release;
		};
		8480B5C719889B900074F0A1 /* Build configuration list for PBXNativeTarget "CombinationPickerContoller" */ = {
			isa = XCConfigurationList;
			buildConfigurations = (
				8480B5C819889B900074F0A1 /* Debug */,
				8480B5C919889B900074F0A1 /* Release */,
			);
			defaultConfigurationIsVisible = 0;
		};
		8480B5CA19889B900074F0A1 /* Build configuration list for PBXNativeTarget "CombinationPickerContollerTests" */ = {
			isa = XCConfigurationList;
			buildConfigurations = (
				8480B5CB19889B900074F0A1 /* Debug */,
				8480B5CC19889B900074F0A1 /* Release */,
			);
			defaultConfigurationIsVisible = 0;
		};
/* End XCConfigurationList section */
	};
	rootObject = 8480B58D19889B900074F0A1 /* Project object */;
}
